
Microsoft Visual Studio Solution File, Format Version 12.00
# Visual Studio Version 17
VisualStudioVersion = 17.10.35013.160
MinimumVisualStudioVersion = 10.0.40219.1
Project("{9A19103F-16F7-4668-BE54-9A1E7A4F7556}") = "BusinessLayer", "BusinessLayer\BusinessLayer.csproj", "{335EE2DA-DE44-4B0C-8E7C-94FCB8E7D8E9}"
EndProject
Project("{9A19103F-16F7-4668-BE54-9A1E7A4F7556}") = "DataAccessLayer", "DataAccessLayer\DataAccessLayer.csproj", "{D818EDB5-7F77-4932-82BA-2C2B30256BE8}"
EndProject
Project("{9A19103F-16F7-4668-BE54-9A1E7A4F7556}") = "PresentationLayer", "PresentationLayer\PresentationLayer.csproj", "{AFA94A02-0744-4328-815A-CE21B2792025}"
EndProject
Global
	GlobalSection(SolutionConfigurationPlatforms) = preSolution
		Debug|Any CPU = Debug|Any CPU
		Release|Any CPU = Release|Any CPU
	EndGlobalSection
	GlobalSection(ProjectConfigurationPlatforms) = postSolution
		{335EE2DA-DE44-4B0C-8E7C-94FCB8E7D8E9}.Debug|Any CPU.ActiveCfg = Debug|Any CPU
		{335EE2DA-DE44-4B0C-8E7C-94FCB8E7D8E9}.Debug|Any CPU.Build.0 = Debug|Any CPU
		{335EE2DA-DE44-4B0C-8E7C-94FCB8E7D8E9}.Release|Any CPU.ActiveCfg = Release|Any CPU
		{335EE2DA-DE44-4B0C-8E7C-94FCB8E7D8E9}.Release|Any CPU.Build.0 = Release|Any CPU
		{D818EDB5-7F77-4932-82BA-2C2B30256BE8}.Debug|Any CPU.ActiveCfg = Debug|Any CPU
		{D818EDB5-7F77-4932-82BA-2C2B30256BE8}.Debug|Any CPU.Build.0 = Debug|Any CPU
		{D818EDB5-7F77-4932-82BA-2C2B30256BE8}.Release|Any CPU.ActiveCfg = Release|Any CPU
		{D818EDB5-7F77-4932-82BA-2C2B30256BE8}.Release|Any CPU.Build.0 = Release|Any CPU
		{AFA94A02-0744-4328-815A-CE21B2792025}.Debug|Any CPU.ActiveCfg = Debug|Any CPU
		{AFA94A02-0744-4328-815A-CE21B2792025}.Debug|Any CPU.Build.0 = Debug|Any CPU
		{AFA94A02-0744-4328-815A-CE21B2792025}.Release|Any CPU.ActiveCfg = Release|Any CPU
		{AFA94A02-0744-4328-815A-CE21B2792025}.Release|Any CPU.Build.0 = Release|Any CPU
	EndGlobalSection
	GlobalSection(SolutionProperties) = preSolution
		HideSolutionNode = FALSE
	EndGlobalSection
	GlobalSection(ExtensibilityGlobals) = postSolution
		SolutionGuid = {F404955D-B0DB-4D75-8E69-158B5D35DB17}
	EndGlobalSection
EndGlobal
